
Microsoft Visual Studio Solution File, Format Version 12.00
# Visual Studio Version 16
VisualStudioVersion = 16.0.31424.327
MinimumVisualStudioVersion = 10.0.40219.1
Project("{9A19103F-16F7-4668-BE54-9A1E7A4F7556}") = "CsvParser", "CsvParser\CsvParser.csproj", "{EFA45806-AE3A-428A-9ED1-C9BB929109F6}"
EndProject
Project("{FAE04EC0-301F-11D3-BF4B-00C04F79EFBC}") = "CsvParser.Test.Integration", "CsvParser.Test.Integration\CsvParser.Test.Integration.csproj", "{F79EB6C4-4F93-44E8-BA3F-69A6C7F5FF11}"
EndProject
Project("{FAE04EC0-301F-11D3-BF4B-00C04F79EFBC}") = "CsvParser.Test.Unit", "CsvParser.Test.Unit\CsvParser.Test.Unit.csproj", "{AEF6EC6B-7348-4D0A-83D5-A9C46A38BAA1}"
EndProject
Global
	GlobalSection(SolutionConfigurationPlatforms) = preSolution
		Debug|Any CPU = Debug|Any CPU
		Release|Any CPU = Release|Any CPU
	EndGlobalSection
	GlobalSection(ProjectConfigurationPlatforms) = postSolution
		{EFA45806-AE3A-428A-9ED1-C9BB929109F6}.Debug|Any CPU.ActiveCfg = Debug|Any CPU
		{EFA45806-AE3A-428A-9ED1-C9BB929109F6}.Debug|Any CPU.Build.0 = Debug|Any CPU
		{EFA45806-AE3A-428A-9ED1-C9BB929109F6}.Release|Any CPU.ActiveCfg = Release|Any CPU
		{EFA45806-AE3A-428A-9ED1-C9BB929109F6}.Release|Any CPU.Build.0 = Release|Any CPU
		{F79EB6C4-4F93-44E8-BA3F-69A6C7F5FF11}.Debug|Any CPU.ActiveCfg = Debug|Any CPU
		{F79EB6C4-4F93-44E8-BA3F-69A6C7F5FF11}.Debug|Any CPU.Build.0 = Debug|Any CPU
		{F79EB6C4-4F93-44E8-BA3F-69A6C7F5FF11}.Release|Any CPU.ActiveCfg = Release|Any CPU
		{F79EB6C4-4F93-44E8-BA3F-69A6C7F5FF11}.Release|Any CPU.Build.0 = Release|Any CPU
		{AEF6EC6B-7348-4D0A-83D5-A9C46A38BAA1}.Debug|Any CPU.ActiveCfg = Debug|Any CPU
		{AEF6EC6B-7348-4D0A-83D5-A9C46A38BAA1}.Debug|Any CPU.Build.0 = Debug|Any CPU
		{AEF6EC6B-7348-4D0A-83D5-A9C46A38BAA1}.Release|Any CPU.ActiveCfg = Release|Any CPU
		{AEF6EC6B-7348-4D0A-83D5-A9C46A38BAA1}.Release|Any CPU.Build.0 = Release|Any CPU
	EndGlobalSection
	GlobalSection(SolutionProperties) = preSolution
		HideSolutionNode = FALSE
	EndGlobalSection
	GlobalSection(ExtensibilityGlobals) = postSolution
		SolutionGuid = {3C805B75-E0D4-48EC-B53F-6943D6C3337B}
	EndGlobalSection
EndGlobal
